// !$*UTF8*$!
{
	archiveVersion = 1;
	classes = {
	};
	objectVersion = 56;
	objects = {

/* Begin PBXBuildFile section */
		67A931E92B6F9B240094FAE1 /* AppDelegate.swift in Sources */ = {isa = PBXBuildFile; fileRef = 67A931E82B6F9B240094FAE1 /* AppDelegate.swift */; };
		67A931EB2B6F9B240094FAE1 /* SceneDelegate.swift in Sources */ = {isa = PBXBuildFile; fileRef = 67A931EA2B6F9B240094FAE1 /* SceneDelegate.swift */; };
		67A931ED2B6F9B240094FAE1 /* ViewController.swift in Sources */ = {isa = PBXBuildFile; fileRef = 67A931EC2B6F9B240094FAE1 /* ViewController.swift */; };
		67A931F02B6F9B240094FAE1 /* Main.storyboard in Resources */ = {isa = PBXBuildFile; fileRef = 67A931EE2B6F9B240094FAE1 /* Main.storyboard */; };
		67A931F22B6F9B250094FAE1 /* Assets.xcassets in Resources */ = {isa = PBXBuildFile; fileRef = 67A931F12B6F9B250094FAE1 /* Assets.xcassets */; };
		67A931F52B6F9B250094FAE1 /* LaunchScreen.storyboard in Resources */ = {isa = PBXBuildFile; fileRef = 67A931F32B6F9B250094FAE1 /* LaunchScreen.storyboard */; };
		67A932002B6F9B250094FAE1 /* Switch_Segmented_ControlTests.swift in Sources */ = {isa = PBXBuildFile; fileRef = 67A931FF2B6F9B250094FAE1 /* Switch_Segmented_ControlTests.swift */; };
		67A9320A2B6F9B250094FAE1 /* Switch_Segmented_ControlUITests.swift in Sources */ = {isa = PBXBuildFile; fileRef = 67A932092B6F9B250094FAE1 /* Switch_Segmented_ControlUITests.swift */; };
		67A9320C2B6F9B250094FAE1 /* Switch_Segmented_ControlUITestsLaunchTests.swift in Sources */ = {isa = PBXBuildFile; fileRef = 67A9320B2B6F9B250094FAE1 /* Switch_Segmented_ControlUITestsLaunchTests.swift */; };
/* End PBXBuildFile section */

/* Begin PBXContainerItemProxy section */
		67A931FC2B6F9B250094FAE1 /* PBXContainerItemProxy */ = {
			isa = PBXContainerItemProxy;
			containerPortal = 67A931DD2B6F9B240094FAE1 /* Project object */;
			proxyType = 1;
			remoteGlobalIDString = 67A931E42B6F9B240094FAE1;
			remoteInfo = "Switch Segmented Control";
		};
		67A932062B6F9B250094FAE1 /* PBXContainerItemProxy */ = {
			isa = PBXContainerItemProxy;
			containerPortal = 67A931DD2B6F9B240094FAE1 /* Project object */;
			proxyType = 1;
			remoteGlobalIDString = 67A931E42B6F9B240094FAE1;
			remoteInfo = "Switch Segmented Control";
		};
/* End PBXContainerItemProxy section */

/* Begin PBXFileReference section */
		67A931E52B6F9B240094FAE1 /* Switch Segmented Control.app */ = {isa = PBXFileReference; explicitFileType = wrapper.application; includeInIndex = 0; path = "Switch Segmented Control.app"; sourceTree = BUILT_PRODUCTS_DIR; };
		67A931E82B6F9B240094FAE1 /* AppDelegate.swift */ = {isa = PBXFileReference; lastKnownFileType = sourcecode.swift; path = AppDelegate.swift; sourceTree = "<group>"; };
		67A931EA2B6F9B240094FAE1 /* SceneDelegate.swift */ = {isa = PBXFileReference; lastKnownFileType = sourcecode.swift; path = SceneDelegate.swift; sourceTree = "<group>"; };
		67A931EC2B6F9B240094FAE1 /* ViewController.swift */ = {isa = PBXFileReference; lastKnownFileType = sourcecode.swift; path = ViewController.swift; sourceTree = "<group>"; };
		67A931EF2B6F9B240094FAE1 /* Base */ = {isa = PBXFileReference; lastKnownFileType = file.storyboard; name = Base; path = Base.lproj/Main.storyboard; sourceTree = "<group>"; };
		67A931F12B6F9B250094FAE1 /* Assets.xcassets */ = {isa = PBXFileReference; lastKnownFileType = folder.assetcatalog; path = Assets.xcassets; sourceTree = "<group>"; };
		67A931F42B6F9B250094FAE1 /* Base */ = {isa = PBXFileReference; lastKnownFileType = file.storyboard; name = Base; path = Base.lproj/LaunchScreen.storyboard; sourceTree = "<group>"; };
		67A931F62B6F9B250094FAE1 /* Info.plist */ = {isa = PBXFileReference; lastKnownFileType = text.plist.xml; path = Info.plist; sourceTree = "<group>"; };
		67A931FB2B6F9B250094FAE1 /* Switch Segmented ControlTests.xctest */ = {isa = PBXFileReference; explicitFileType = wrapper.cfbundle; includeInIndex = 0; path = "Switch Segmented ControlTests.xctest"; sourceTree = BUILT_PRODUCTS_DIR; };
		67A931FF2B6F9B250094FAE1 /* Switch_Segmented_ControlTests.swift */ = {isa = PBXFileReference; lastKnownFileType = sourcecode.swift; path = Switch_Segmented_ControlTests.swift; sourceTree = "<group>"; };
		67A932052B6F9B250094FAE1 /* Switch Segmented ControlUITests.xctest */ = {isa = PBXFileReference; explicitFileType = wrapper.cfbundle; includeInIndex = 0; path = "Switch Segmented ControlUITests.xctest"; sourceTree = BUILT_PRODUCTS_DIR; };
		67A932092B6F9B250094FAE1 /* Switch_Segmented_ControlUITests.swift */ = {isa = PBXFileReference; lastKnownFileType = sourcecode.swift; path = Switch_Segmented_ControlUITests.swift; sourceTree = "<group>"; };
		67A9320B2B6F9B250094FAE1 /* Switch_Segmented_ControlUITestsLaunchTests.swift */ = {isa = PBXFileReference; lastKnownFileType = sourcecode.swift; path = Switch_Segmented_ControlUITestsLaunchTests.swift; sourceTree = "<group>"; };
/* End PBXFileReference section */

/* Begin PBXFrameworksBuildPhase section */
		67A931E22B6F9B240094FAE1 /* Frameworks */ = {
			isa = PBXFrameworksBuildPhase;
			buildActionMask = 2147483647;
			files = (
			);
			runOnlyForDeploymentPostprocessing = 0;
		};
		67A931F82B6F9B250094FAE1 /* Frameworks */ = {
			isa = PBXFrameworksBuildPhase;
			buildActionMask = 2147483647;
			files = (
			);
			runOnlyForDeploymentPostprocessing = 0;
		};
		67A932022B6F9B250094FAE1 /* Frameworks */ = {
			isa = PBXFrameworksBuildPhase;
			buildActionMask = 2147483647;
			files = (
			);
			runOnlyForDeploymentPostprocessing = 0;
		};
/* End PBXFrameworksBuildPhase section */

/* Begin PBXGroup section */
		67A931DC2B6F9B240094FAE1 = {
			isa = PBXGroup;
			children = (
				67A931E72B6F9B240094FAE1 /* Switch Segmented Control */,
				67A931FE2B6F9B250094FAE1 /* Switch Segmented ControlTests */,
				67A932082B6F9B250094FAE1 /* Switch Segmented ControlUITests */,
				67A931E62B6F9B240094FAE1 /* Products */,
			);
			sourceTree = "<group>";
		};
		67A931E62B6F9B240094FAE1 /* Products */ = {
			isa = PBXGroup;
			children = (
				67A931E52B6F9B240094FAE1 /* Switch Segmented Control.app */,
				67A931FB2B6F9B250094FAE1 /* Switch Segmented ControlTests.xctest */,
				67A932052B6F9B250094FAE1 /* Switch Segmented ControlUITests.xctest */,
			);
			name = Products;
			sourceTree = "<group>";
		};
		67A931E72B6F9B240094FAE1 /* Switch Segmented Control */ = {
			isa = PBXGroup;
			children = (
				67A931E82B6F9B240094FAE1 /* AppDelegate.swift */,
				67A931EA2B6F9B240094FAE1 /* SceneDelegate.swift */,
				67A931EC2B6F9B240094FAE1 /* ViewController.swift */,
				67A931EE2B6F9B240094FAE1 /* Main.storyboard */,
				67A931F12B6F9B250094FAE1 /* Assets.xcassets */,
				67A931F32B6F9B250094FAE1 /* LaunchScreen.storyboard */,
				67A931F62B6F9B250094FAE1 /* Info.plist */,
			);
			path = "Switch Segmented Control";
			sourceTree = "<group>";
		};
		67A931FE2B6F9B250094FAE1 /* Switch Segmented ControlTests */ = {
			isa = PBXGroup;
			children = (
				67A931FF2B6F9B250094FAE1 /* Switch_Segmented_ControlTests.swift */,
			);
			path = "Switch Segmented ControlTests";
			sourceTree = "<group>";
		};
		67A932082B6F9B250094FAE1 /* Switch Segmented ControlUITests */ = {
			isa = PBXGroup;
			children = (
				67A932092B6F9B250094FAE1 /* Switch_Segmented_ControlUITests.swift */,
				67A9320B2B6F9B250094FAE1 /* Switch_Segmented_ControlUITestsLaunchTests.swift */,
			);
			path = "Switch Segmented ControlUITests";
			sourceTree = "<group>";
		};
/* End PBXGroup section */

/* Begin PBXNativeTarget section */
		67A931E42B6F9B240094FAE1 /* Switch Segmented Control */ = {
			isa = PBXNativeTarget;
			buildConfigurationList = 67A9320F2B6F9B250094FAE1 /* Build configuration list for PBXNativeTarget "Switch Segmented Control" */;
			buildPhases = (
				67A931E12B6F9B240094FAE1 /* Sources */,
				67A931E22B6F9B240094FAE1 /* Frameworks */,
				67A931E32B6F9B240094FAE1 /* Resources */,
			);
			buildRules = (
			);
			dependencies = (
			);
			name = "Switch Segmented Control";
			productName = "Switch Segmented Control";
			productReference = 67A931E52B6F9B240094FAE1 /* Switch Segmented Control.app */;
			productType = "com.apple.product-type.application";
		};
		67A931FA2B6F9B250094FAE1 /* Switch Segmented ControlTests */ = {
			isa = PBXNativeTarget;
			buildConfigurationList = 67A932122B6F9B250094FAE1 /* Build configuration list for PBXNativeTarget "Switch Segmented ControlTests" */;
			buildPhases = (
				67A931F72B6F9B250094FAE1 /* Sources */,
				67A931F82B6F9B250094FAE1 /* Frameworks */,
				67A931F92B6F9B250094FAE1 /* Resources */,
			);
			buildRules = (
			);
			dependencies = (
				67A931FD2B6F9B250094FAE1 /* PBXTargetDependency */,
			);
			name = "Switch Segmented ControlTests";
			productName = "Switch Segmented ControlTests";
			productReference = 67A931FB2B6F9B250094FAE1 /* Switch Segmented ControlTests.xctest */;
			productType = "com.apple.product-type.bundle.unit-test";
		};
		67A932042B6F9B250094FAE1 /* Switch Segmented ControlUITests */ = {
			isa = PBXNativeTarget;
			buildConfigurationList = 67A932152B6F9B250094FAE1 /* Build configuration list for PBXNativeTarget "Switch Segmented ControlUITests" */;
			buildPhases = (
				67A932012B6F9B250094FAE1 /* Sources */,
				67A932022B6F9B250094FAE1 /* Frameworks */,
				67A932032B6F9B250094FAE1 /* Resources */,
			);
			buildRules = (
			);
			dependencies = (
				67A932072B6F9B250094FAE1 /* PBXTargetDependency */,
			);
			name = "Switch Segmented ControlUITests";
			productName = "Switch Segmented ControlUITests";
			productReference = 67A932052B6F9B250094FAE1 /* Switch Segmented ControlUITests.xctest */;
			productType = "com.apple.product-type.bundle.ui-testing";
		};
/* End PBXNativeTarget section */

/* Begin PBXProject section */
		67A931DD2B6F9B240094FAE1 /* Project object */ = {
			isa = PBXProject;
			attributes = {
				BuildIndependentTargetsInParallel = 1;
				LastSwiftUpdateCheck = 1510;
				LastUpgradeCheck = 1510;
				TargetAttributes = {
					67A931E42B6F9B240094FAE1 = {
						CreatedOnToolsVersion = 15.1;
					};
					67A931FA2B6F9B250094FAE1 = {
						CreatedOnToolsVersion = 15.1;
						TestTargetID = 67A931E42B6F9B240094FAE1;
					};
					67A932042B6F9B250094FAE1 = {
						CreatedOnToolsVersion = 15.1;
						TestTargetID = 67A931E42B6F9B240094FAE1;
					};
				};
			};
			buildConfigurationList = 67A931E02B6F9B240094FAE1 /* Build configuration list for PBXProject "Switch Segmented Control" */;
			compatibilityVersion = "Xcode 14.0";
			developmentRegion = en;
			hasScannedForEncodings = 0;
			knownRegions = (
				en,
				Base,
			);
			mainGroup = 67A931DC2B6F9B240094FAE1;
			productRefGroup = 67A931E62B6F9B240094FAE1 /* Products */;
			projectDirPath = "";
			projectRoot = "";
			targets = (
				67A931E42B6F9B240094FAE1 /* Switch Segmented Control */,
				67A931FA2B6F9B250094FAE1 /* Switch Segmented ControlTests */,
				67A932042B6F9B250094FAE1 /* Switch Segmented ControlUITests */,
			);
		};
/* End PBXProject section */

/* Begin PBXResourcesBuildPhase section */
		67A931E32B6F9B240094FAE1 /* Resources */ = {
			isa = PBXResourcesBuildPhase;
			buildActionMask = 2147483647;
			files = (
				67A931F52B6F9B250094FAE1 /* LaunchScreen.storyboard in Resources */,
				67A931F22B6F9B250094FAE1 /* Assets.xcassets in Resources */,
				67A931F02B6F9B240094FAE1 /* Main.storyboard in Resources */,
			);
			runOnlyForDeploymentPostprocessing = 0;
		};
		67A931F92B6F9B250094FAE1 /* Resources */ = {
			isa = PBXResourcesBuildPhase;
			buildActionMask = 2147483647;
			files = (
			);
			runOnlyForDeploymentPostprocessing = 0;
		};
		67A932032B6F9B250094FAE1 /* Resources */ = {
			isa = PBXResourcesBuildPhase;
			buildActionMask = 2147483647;
			files = (
			);
			runOnlyForDeploymentPostprocessing = 0;
		};
/* End PBXResourcesBuildPhase section */

/* Begin PBXSourcesBuildPhase section */
		67A931E12B6F9B240094FAE1 /* Sources */ = {
			isa = PBXSourcesBuildPhase;
			buildActionMask = 2147483647;
			files = (
				67A931ED2B6F9B240094FAE1 /* ViewController.swift in Sources */,
				67A931E92B6F9B240094FAE1 /* AppDelegate.swift in Sources */,
				67A931EB2B6F9B240094FAE1 /* SceneDelegate.swift in Sources */,
			);
			runOnlyForDeploymentPostprocessing = 0;
		};
		67A931F72B6F9B250094FAE1 /* Sources */ = {
			isa = PBXSourcesBuildPhase;
			buildActionMask = 2147483647;
			files = (
				67A932002B6F9B250094FAE1 /* Switch_Segmented_ControlTests.swift in Sources */,
			);
			runOnlyForDeploymentPostprocessing = 0;
		};
		67A932012B6F9B250094FAE1 /* Sources */ = {
			isa = PBXSourcesBuildPhase;
			buildActionMask = 2147483647;
			files = (
				67A9320A2B6F9B250094FAE1 /* Switch_Segmented_ControlUITests.swift in Sources */,
				67A9320C2B6F9B250094FAE1 /* Switch_Segmented_ControlUITestsLaunchTests.swift in Sources */,
			);
			runOnlyForDeploymentPostprocessing = 0;
		};
/* End PBXSourcesBuildPhase section */

/* Begin PBXTargetDependency section */
		67A931FD2B6F9B250094FAE1 /* PBXTargetDependency */ = {
			isa = PBXTargetDependency;
			target = 67A931E42B6F9B240094FAE1 /* Switch Segmented Control */;
			targetProxy = 67A931FC2B6F9B250094FAE1 /* PBXContainerItemProxy */;
		};
		67A932072B6F9B250094FAE1 /* PBXTargetDependency */ = {
			isa = PBXTargetDependency;
			target = 67A931E42B6F9B240094FAE1 /* Switch Segmented Control */;
			targetProxy = 67A932062B6F9B250094FAE1 /* PBXContainerItemProxy */;
		};
/* End PBXTargetDependency section */

/* Begin PBXVariantGroup section */
		67A931EE2B6F9B240094FAE1 /* Main.storyboard */ = {
			isa = PBXVariantGroup;
			children = (
				67A931EF2B6F9B240094FAE1 /* Base */,
			);
			name = Main.storyboard;
			sourceTree = "<group>";
		};
		67A931F32B6F9B250094FAE1 /* LaunchScreen.storyboard */ = {
			isa = PBXVariantGroup;
			children = (
				67A931F42B6F9B250094FAE1 /* Base */,
			);
			name = LaunchScreen.storyboard;
			sourceTree = "<group>";
		};
/* End PBXVariantGroup section */

/* Begin XCBuildConfiguration section */
		67A9320D2B6F9B250094FAE1 /* Debug */ = {
			isa = XCBuildConfiguration;
			buildSettings = {
				ALWAYS_SEARCH_USER_PATHS = NO;
				ASSETCATALOG_COMPILER_GENERATE_SWIFT_ASSET_SYMBOL_EXTENSIONS = YES;
				CLANG_ANALYZER_NONNULL = YES;
				CLANG_ANALYZER_NUMBER_OBJECT_CONVERSION = YES_AGGRESSIVE;
				CLANG_CXX_LANGUAGE_STANDARD = "gnu++20";
				CLANG_ENABLE_MODULES = YES;
				CLANG_ENABLE_OBJC_ARC = YES;
				CLANG_ENABLE_OBJC_WEAK = YES;
				CLANG_WARN_BLOCK_CAPTURE_AUTORELEASING = YES;
				CLANG_WARN_BOOL_CONVERSION = YES;
				CLANG_WARN_COMMA = YES;
				CLANG_WARN_CONSTANT_CONVERSION = YES;
				CLANG_WARN_DEPRECATED_OBJC_IMPLEMENTATIONS = YES;
				CLANG_WARN_DIRECT_OBJC_ISA_USAGE = YES_ERROR;
				CLANG_WARN_DOCUMENTATION_COMMENTS = YES;
				CLANG_WARN_EMPTY_BODY = YES;
				CLANG_WARN_ENUM_CONVERSION = YES;
				CLANG_WARN_INFINITE_RECURSION = YES;
				CLANG_WARN_INT_CONVERSION = YES;
				CLANG_WARN_NON_LITERAL_NULL_CONVERSION = YES;
				CLANG_WARN_OBJC_IMPLICIT_RETAIN_SELF = YES;
				CLANG_WARN_OBJC_LITERAL_CONVERSION = YES;
				CLANG_WARN_OBJC_ROOT_CLASS = YES_ERROR;
				CLANG_WARN_QUOTED_INCLUDE_IN_FRAMEWORK_HEADER = YES;
				CLANG_WARN_RANGE_LOOP_ANALYSIS = YES;
				CLANG_WARN_STRICT_PROTOTYPES = YES;
				CLANG_WARN_SUSPICIOUS_MOVE = YES;
				CLANG_WARN_UNGUARDED_AVAILABILITY = YES_AGGRESSIVE;
				CLANG_WARN_UNREACHABLE_CODE = YES;
				CLANG_WARN__DUPLICATE_METHOD_MATCH = YES;
				COPY_PHASE_STRIP = NO;
				DEBUG_INFORMATION_FORMAT = dwarf;
				ENABLE_STRICT_OBJC_MSGSEND = YES;
				ENABLE_TESTABILITY = YES;
				ENABLE_USER_SCRIPT_SANDBOXING = YES;
				GCC_C_LANGUAGE_STANDARD = gnu17;
				GCC_DYNAMIC_NO_PIC = NO;
				GCC_NO_COMMON_BLOCKS = YES;
				GCC_OPTIMIZATION_LEVEL = 0;
				GCC_PREPROCESSOR_DEFINITIONS = (
					"DEBUG=1",
					"$(inherited)",
				);
				GCC_WARN_64_TO_32_BIT_CONVERSION = YES;
				GCC_WARN_ABOUT_RETURN_TYPE = YES_ERROR;
				GCC_WARN_UNDECLARED_SELECTOR = YES;
				GCC_WARN_UNINITIALIZED_AUTOS = YES_AGGRESSIVE;
				GCC_WARN_UNUSED_FUNCTION = YES;
				GCC_WARN_UNUSED_VARIABLE = YES;
				IPHONEOS_DEPLOYMENT_TARGET = 17.2;
				LOCALIZATION_PREFERS_STRING_CATALOGS = YES;
				MTL_ENABLE_DEBUG_INFO = INCLUDE_SOURCE;
				MTL_FAST_MATH = YES;
				ONLY_ACTIVE_ARCH = YES;
				SDKROOT = iphoneos;
				SWIFT_ACTIVE_COMPILATION_CONDITIONS = "DEBUG $(inherited)";
				SWIFT_OPTIMIZATION_LEVEL = "-Onone";
			};
			name = Debug;
		};
		67A9320E2B6F9B250094FAE1 /* Release */ = {
			isa = XCBuildConfiguration;
			buildSettings = {
				ALWAYS_SEARCH_USER_PATHS = NO;
				ASSETCATALOG_COMPILER_GENERATE_SWIFT_ASSET_SYMBOL_EXTENSIONS = YES;
				CLANG_ANALYZER_NONNULL = YES;
				CLANG_ANALYZER_NUMBER_OBJECT_CONVERSION = YES_AGGRESSIVE;
				CLANG_CXX_LANGUAGE_STANDARD = "gnu++20";
				CLANG_ENABLE_MODULES = YES;
				CLANG_ENABLE_OBJC_ARC = YES;
				CLANG_ENABLE_OBJC_WEAK = YES;
				CLANG_WARN_BLOCK_CAPTURE_AUTORELEASING = YES;
				CLANG_WARN_BOOL_CONVERSION = YES;
				CLANG_WARN_COMMA = YES;
				CLANG_WARN_CONSTANT_CONVERSION = YES;
				CLANG_WARN_DEPRECATED_OBJC_IMPLEMENTATIONS = YES;
				CLANG_WARN_DIRECT_OBJC_ISA_USAGE = YES_ERROR;
				CLANG_WARN_DOCUMENTATION_COMMENTS = YES;
				CLANG_WARN_EMPTY_BODY = YES;
				CLANG_WARN_ENUM_CONVERSION = YES;
				CLANG_WARN_INFINITE_RECURSION = YES;
				CLANG_WARN_INT_CONVERSION = YES;
				CLANG_WARN_NON_LITERAL_NULL_CONVERSION = YES;
				CLANG_WARN_OBJC_IMPLICIT_RETAIN_SELF = YES;
				CLANG_WARN_OBJC_LITERAL_CONVERSION = YES;
				CLANG_WARN_OBJC_ROOT_CLASS = YES_ERROR;
				CLANG_WARN_QUOTED_INCLUDE_IN_FRAMEWORK_HEADER = YES;
				CLANG_WARN_RANGE_LOOP_ANALYSIS = YES;
				CLANG_WARN_STRICT_PROTOTYPES = YES;
				CLANG_WARN_SUSPICIOUS_MOVE = YES;
				CLANG_WARN_UNGUARDED_AVAILABILITY = YES_AGGRESSIVE;
				CLANG_WARN_UNREACHABLE_CODE = YES;
				CLANG_WARN__DUPLICATE_METHOD_MATCH = YES;
				COPY_PHASE_STRIP = NO;
				DEBUG_INFORMATION_FORMAT = "dwarf-with-dsym";
				ENABLE_NS_ASSERTIONS = NO;
				ENABLE_STRICT_OBJC_MSGSEND = YES;
				ENABLE_USER_SCRIPT_SANDBOXING = YES;
				GCC_C_LANGUAGE_STANDARD = gnu17;
				GCC_NO_COMMON_BLOCKS = YES;
				GCC_WARN_64_TO_32_BIT_CONVERSION = YES;
				GCC_WARN_ABOUT_RETURN_TYPE = YES_ERROR;
				GCC_WARN_UNDECLARED_SELECTOR = YES;
				GCC_WARN_UNINITIALIZED_AUTOS = YES_AGGRESSIVE;
				GCC_WARN_UNUSED_FUNCTION = YES;
				GCC_WARN_UNUSED_VARIABLE = YES;
				IPHONEOS_DEPLOYMENT_TARGET = 17.2;
				LOCALIZATION_PREFERS_STRING_CATALOGS = YES;
				MTL_ENABLE_DEBUG_INFO = NO;
				MTL_FAST_MATH = YES;
				SDKROOT = iphoneos;
				SWIFT_COMPILATION_MODE = wholemodule;
				VALIDATE_PRODUCT = YES;
			};
			name = Release;
		};
		67A932102B6F9B250094FAE1 /* Debug */ = {
			isa = XCBuildConfiguration;
			buildSettings = {
				ASSETCATALOG_COMPILER_APPICON_NAME = AppIcon;
				ASSETCATALOG_COMPILER_GLOBAL_ACCENT_COLOR_NAME = AccentColor;
				CODE_SIGN_STYLE = Automatic;
				CURRENT_PROJECT_VERSION = 1;
				GENERATE_INFOPLIST_FILE = YES;
				INFOPLIST_FILE = "Switch Segmented Control/Info.plist";
				INFOPLIST_KEY_UIApplicationSupportsIndirectInputEvents = YES;
				INFOPLIST_KEY_UILaunchStoryboardName = LaunchScreen;
				INFOPLIST_KEY_UIMainStoryboardFile = Main;
				INFOPLIST_KEY_UISupportedInterfaceOrientations_iPad = "UIInterfaceOrientationPortrait UIInterfaceOrientationPortraitUpsideDown UIInterfaceOrientationLandscapeLeft UIInterfaceOrientationLandscapeRight";
				INFOPLIST_KEY_UISupportedInterfaceOrientations_iPhone = "UIInterfaceOrientationPortrait UIInterfaceOrientationLandscapeLeft UIInterfaceOrientationLandscapeRight";
				LD_RUNPATH_SEARCH_PATHS = (
					"$(inherited)",
					"@executable_path/Frameworks",
				);
				MARKETING_VERSION = 1.0;
				PRODUCT_BUNDLE_IDENTIFIER = "safakselimsofioglu.Switch-Segmented-Control";
				PRODUCT_NAME = "$(TARGET_NAME)";
				SWIFT_EMIT_LOC_STRINGS = YES;
				SWIFT_VERSION = 5.0;
				TARGETED_DEVICE_FAMILY = "1,2";
			};
			name = Debug;
		};
		67A932112B6F9B250094FAE1 /* Release */ = {
			isa = XCBuildConfiguration;
			buildSettings = {
				ASSETCATALOG_COMPILER_APPICON_NAME = AppIcon;
				ASSETCATALOG_COMPILER_GLOBAL_ACCENT_COLOR_NAME = AccentColor;
				CODE_SIGN_STYLE = Automatic;
				CURRENT_PROJECT_VERSION = 1;
				GENERATE_INFOPLIST_FILE = YES;
				INFOPLIST_FILE = "Switch Segmented Control/Info.plist";
				INFOPLIST_KEY_UIApplicationSupportsIndirectInputEvents = YES;
				INFOPLIST_KEY_UILaunchStoryboardName = LaunchScreen;
				INFOPLIST_KEY_UIMainStoryboardFile = Main;
				INFOPLIST_KEY_UISupportedInterfaceOrientations_iPad = "UIInterfaceOrientationPortrait UIInterfaceOrientationPortraitUpsideDown UIInterfaceOrientationLandscapeLeft UIInterfaceOrientationLandscapeRight";
				INFOPLIST_KEY_UISupportedInterfaceOrientations_iPhone = "UIInterfaceOrientationPortrait UIInterfaceOrientationLandscapeLeft UIInterfaceOrientationLandscapeRight";
				LD_RUNPATH_SEARCH_PATHS = (
					"$(inherited)",
					"@executable_path/Frameworks",
				);
				MARKETING_VERSION = 1.0;
				PRODUCT_BUNDLE_IDENTIFIER = "safakselimsofioglu.Switch-Segmented-Control";
				PRODUCT_NAME = "$(TARGET_NAME)";
				SWIFT_EMIT_LOC_STRINGS = YES;
				SWIFT_VERSION = 5.0;
				TARGETED_DEVICE_FAMILY = "1,2";
			};
			name = Release;
		};
		67A932132B6F9B250094FAE1 /* Debug */ = {
			isa = XCBuildConfiguration;
			buildSettings = {
				ALWAYS_EMBED_SWIFT_STANDARD_LIBRARIES = YES;
				BUNDLE_LOADER = "$(TEST_HOST)";
				CODE_SIGN_STYLE = Automatic;
				CURRENT_PROJECT_VERSION = 1;
				GENERATE_INFOPLIST_FILE = YES;
				IPHONEOS_DEPLOYMENT_TARGET = 17.2;
				MARKETING_VERSION = 1.0;
				PRODUCT_BUNDLE_IDENTIFIER = "safakselimsofioglu.Switch-Segmented-ControlTests";
				PRODUCT_NAME = "$(TARGET_NAME)";
				SWIFT_EMIT_LOC_STRINGS = NO;
				SWIFT_VERSION = 5.0;
				TARGETED_DEVICE_FAMILY = "1,2";
				TEST_HOST = "$(BUILT_PRODUCTS_DIR)/Switch Segmented Control.app/$(BUNDLE_EXECUTABLE_FOLDER_PATH)/Switch Segmented Control";
			};
			name = Debug;
		};
		67A932142B6F9B250094FAE1 /* Release */ = {
			isa = XCBuildConfiguration;
			buildSettings = {
				ALWAYS_EMBED_SWIFT_STANDARD_LIBRARIES = YES;
				BUNDLE_LOADER = "$(TEST_HOST)";
				CODE_SIGN_STYLE = Automatic;
				CURRENT_PROJECT_VERSION = 1;
				GENERATE_INFOPLIST_FILE = YES;
				IPHONEOS_DEPLOYMENT_TARGET = 17.2;
				MARKETING_VERSION = 1.0;
				PRODUCT_BUNDLE_IDENTIFIER = "safakselimsofioglu.Switch-Segmented-ControlTests";
				PRODUCT_NAME = "$(TARGET_NAME)";
				SWIFT_EMIT_LOC_STRINGS = NO;
				SWIFT_VERSION = 5.0;
				TARGETED_DEVICE_FAMILY = "1,2";
				TEST_HOST = "$(BUILT_PRODUCTS_DIR)/Switch Segmented Control.app/$(BUNDLE_EXECUTABLE_FOLDER_PATH)/Switch Segmented Control";
			};
			name = Release;
		};
		67A932162B6F9B250094FAE1 /* Debug */ = {
			isa = XCBuildConfiguration;
			buildSettings = {
				ALWAYS_EMBED_SWIFT_STANDARD_LIBRARIES = YES;
				CODE_SIGN_STYLE = Automatic;
				CURRENT_PROJECT_VERSION = 1;
				GENERATE_INFOPLIST_FILE = YES;
				MARKETING_VERSION = 1.0;
				PRODUCT_BUNDLE_IDENTIFIER = "safakselimsofioglu.Switch-Segmented-ControlUITests";
				PRODUCT_NAME = "$(TARGET_NAME)";
				SWIFT_EMIT_LOC_STRINGS = NO;
				SWIFT_VERSION = 5.0;
				TARGETED_DEVICE_FAMILY = "1,2";
				TEST_TARGET_NAME = "Switch Segmented Control";
			};
			name = Debug;
		};
		67A932172B6F9B250094FAE1 /* Release */ = {
			isa = XCBuildConfiguration;
			buildSettings = {
				ALWAYS_EMBED_SWIFT_STANDARD_LIBRARIES = YES;
				CODE_SIGN_STYLE = Automatic;
				CURRENT_PROJECT_VERSION = 1;
				GENERATE_INFOPLIST_FILE = YES;
				MARKETING_VERSION = 1.0;
				PRODUCT_BUNDLE_IDENTIFIER = "safakselimsofioglu.Switch-Segmented-ControlUITests";
				PRODUCT_NAME = "$(TARGET_NAME)";
				SWIFT_EMIT_LOC_STRINGS = NO;
				SWIFT_VERSION = 5.0;
				TARGETED_DEVICE_FAMILY = "1,2";
				TEST_TARGET_NAME = "Switch Segmented Control";
			};
			name = Release;
		};
/* End XCBuildConfiguration section */

/* Begin XCConfigurationList section */
		67A931E02B6F9B240094FAE1 /* Build configuration list for PBXProject "Switch Segmented Control" */ = {
			isa = XCConfigurationList;
			buildConfigurations = (
				67A9320D2B6F9B250094FAE1 /* Debug */,
				67A9320E2B6F9B250094FAE1 /* Release */,
			);
			defaultConfigurationIsVisible = 0;
			defaultConfigurationName = Release;
		};
		67A9320F2B6F9B250094FAE1 /* Build configuration list for PBXNativeTarget "Switch Segmented Control" */ = {
			isa = XCConfigurationList;
			buildConfigurations = (
				67A932102B6F9B250094FAE1 /* Debug */,
				67A932112B6F9B250094FAE1 /* Release */,
			);
			defaultConfigurationIsVisible = 0;
			defaultConfigurationName = Release;
		};
		67A932122B6F9B250094FAE1 /* Build configuration list for PBXNativeTarget "Switch Segmented ControlTests" */ = {
			isa = XCConfigurationList;
			buildConfigurations = (
				67A932132B6F9B250094FAE1 /* Debug */,
				67A932142B6F9B250094FAE1 /* Release */,
			);
			defaultConfigurationIsVisible = 0;
			defaultConfigurationName = Release;
		};
		67A932152B6F9B250094FAE1 /* Build configuration list for PBXNativeTarget "Switch Segmented ControlUITests" */ = {
			isa = XCConfigurationList;
			buildConfigurations = (
				67A932162B6F9B250094FAE1 /* Debug */,
				67A932172B6F9B250094FAE1 /* Release */,
			);
			defaultConfigurationIsVisible = 0;
			defaultConfigurationName = Release;
		};
/* End XCConfigurationList section */
	};
	rootObject = 67A931DD2B6F9B240094FAE1 /* Project object */;
}
