// !$*UTF8*$!
{
	archiveVersion = 1;
	classes = {
	};
	objectVersion = 56;
	objects = {

/* Begin PBXBuildFile section */
		6768E4AB2B7253F6001D3B5B /* AppDelegate.swift in Sources */ = {isa = PBXBuildFile; fileRef = 6768E4AA2B7253F6001D3B5B /* AppDelegate.swift */; };
		6768E4AD2B7253F6001D3B5B /* SceneDelegate.swift in Sources */ = {isa = PBXBuildFile; fileRef = 6768E4AC2B7253F6001D3B5B /* SceneDelegate.swift */; };
		6768E4AF2B7253F6001D3B5B /* ViewController.swift in Sources */ = {isa = PBXBuildFile; fileRef = 6768E4AE2B7253F6001D3B5B /* ViewController.swift */; };
		6768E4B22B7253F6001D3B5B /* Main.storyboard in Resources */ = {isa = PBXBuildFile; fileRef = 6768E4B02B7253F6001D3B5B /* Main.storyboard */; };
		6768E4B42B7253F7001D3B5B /* Assets.xcassets in Resources */ = {isa = PBXBuildFile; fileRef = 6768E4B32B7253F7001D3B5B /* Assets.xcassets */; };
		6768E4B72B7253F7001D3B5B /* LaunchScreen.storyboard in Resources */ = {isa = PBXBuildFile; fileRef = 6768E4B52B7253F7001D3B5B /* LaunchScreen.storyboard */; };
		6768E4C22B7253F7001D3B5B /* UserDefault_Login_UygulamasiTests.swift in Sources */ = {isa = PBXBuildFile; fileRef = 6768E4C12B7253F7001D3B5B /* UserDefault_Login_UygulamasiTests.swift */; };
		6768E4CC2B7253F7001D3B5B /* UserDefault_Login_UygulamasiUITests.swift in Sources */ = {isa = PBXBuildFile; fileRef = 6768E4CB2B7253F7001D3B5B /* UserDefault_Login_UygulamasiUITests.swift */; };
		6768E4CE2B7253F7001D3B5B /* UserDefault_Login_UygulamasiUITestsLaunchTests.swift in Sources */ = {isa = PBXBuildFile; fileRef = 6768E4CD2B7253F7001D3B5B /* UserDefault_Login_UygulamasiUITestsLaunchTests.swift */; };
		6768E4DB2B725476001D3B5B /* AnasayfaVC.swift in Sources */ = {isa = PBXBuildFile; fileRef = 6768E4DA2B725476001D3B5B /* AnasayfaVC.swift */; };
/* End PBXBuildFile section */

/* Begin PBXContainerItemProxy section */
		6768E4BE2B7253F7001D3B5B /* PBXContainerItemProxy */ = {
			isa = PBXContainerItemProxy;
			containerPortal = 6768E49F2B7253F6001D3B5B /* Project object */;
			proxyType = 1;
			remoteGlobalIDString = 6768E4A62B7253F6001D3B5B;
			remoteInfo = "UserDefault Login Uygulamasi";
		};
		6768E4C82B7253F7001D3B5B /* PBXContainerItemProxy */ = {
			isa = PBXContainerItemProxy;
			containerPortal = 6768E49F2B7253F6001D3B5B /* Project object */;
			proxyType = 1;
			remoteGlobalIDString = 6768E4A62B7253F6001D3B5B;
			remoteInfo = "UserDefault Login Uygulamasi";
		};
/* End PBXContainerItemProxy section */

/* Begin PBXFileReference section */
		6768E4A72B7253F6001D3B5B /* UserDefault Login Uygulamasi.app */ = {isa = PBXFileReference; explicitFileType = wrapper.application; includeInIndex = 0; path = "UserDefault Login Uygulamasi.app"; sourceTree = BUILT_PRODUCTS_DIR; };
		6768E4AA2B7253F6001D3B5B /* AppDelegate.swift */ = {isa = PBXFileReference; lastKnownFileType = sourcecode.swift; path = AppDelegate.swift; sourceTree = "<group>"; };
		6768E4AC2B7253F6001D3B5B /* SceneDelegate.swift */ = {isa = PBXFileReference; lastKnownFileType = sourcecode.swift; path = SceneDelegate.swift; sourceTree = "<group>"; };
		6768E4AE2B7253F6001D3B5B /* ViewController.swift */ = {isa = PBXFileReference; lastKnownFileType = sourcecode.swift; path = ViewController.swift; sourceTree = "<group>"; };
		6768E4B12B7253F6001D3B5B /* Base */ = {isa = PBXFileReference; lastKnownFileType = file.storyboard; name = Base; path = Base.lproj/Main.storyboard; sourceTree = "<group>"; };
		6768E4B32B7253F7001D3B5B /* Assets.xcassets */ = {isa = PBXFileReference; lastKnownFileType = folder.assetcatalog; path = Assets.xcassets; sourceTree = "<group>"; };
		6768E4B62B7253F7001D3B5B /* Base */ = {isa = PBXFileReference; lastKnownFileType = file.storyboard; name = Base; path = Base.lproj/LaunchScreen.storyboard; sourceTree = "<group>"; };
		6768E4B82B7253F7001D3B5B /* Info.plist */ = {isa = PBXFileReference; lastKnownFileType = text.plist.xml; path = Info.plist; sourceTree = "<group>"; };
		6768E4BD2B7253F7001D3B5B /* UserDefault Login UygulamasiTests.xctest */ = {isa = PBXFileReference; explicitFileType = wrapper.cfbundle; includeInIndex = 0; path = "UserDefault Login UygulamasiTests.xctest"; sourceTree = BUILT_PRODUCTS_DIR; };
		6768E4C12B7253F7001D3B5B /* UserDefault_Login_UygulamasiTests.swift */ = {isa = PBXFileReference; lastKnownFileType = sourcecode.swift; path = UserDefault_Login_UygulamasiTests.swift; sourceTree = "<group>"; };
		6768E4C72B7253F7001D3B5B /* UserDefault Login UygulamasiUITests.xctest */ = {isa = PBXFileReference; explicitFileType = wrapper.cfbundle; includeInIndex = 0; path = "UserDefault Login UygulamasiUITests.xctest"; sourceTree = BUILT_PRODUCTS_DIR; };
		6768E4CB2B7253F7001D3B5B /* UserDefault_Login_UygulamasiUITests.swift */ = {isa = PBXFileReference; lastKnownFileType = sourcecode.swift; path = UserDefault_Login_UygulamasiUITests.swift; sourceTree = "<group>"; };
		6768E4CD2B7253F7001D3B5B /* UserDefault_Login_UygulamasiUITestsLaunchTests.swift */ = {isa = PBXFileReference; lastKnownFileType = sourcecode.swift; path = UserDefault_Login_UygulamasiUITestsLaunchTests.swift; sourceTree = "<group>"; };
		6768E4DA2B725476001D3B5B /* AnasayfaVC.swift */ = {isa = PBXFileReference; lastKnownFileType = sourcecode.swift; path = AnasayfaVC.swift; sourceTree = "<group>"; };
/* End PBXFileReference section */

/* Begin PBXFrameworksBuildPhase section */
		6768E4A42B7253F6001D3B5B /* Frameworks */ = {
			isa = PBXFrameworksBuildPhase;
			buildActionMask = 2147483647;
			files = (
			);
			runOnlyForDeploymentPostprocessing = 0;
		};
		6768E4BA2B7253F7001D3B5B /* Frameworks */ = {
			isa = PBXFrameworksBuildPhase;
			buildActionMask = 2147483647;
			files = (
			);
			runOnlyForDeploymentPostprocessing = 0;
		};
		6768E4C42B7253F7001D3B5B /* Frameworks */ = {
			isa = PBXFrameworksBuildPhase;
			buildActionMask = 2147483647;
			files = (
			);
			runOnlyForDeploymentPostprocessing = 0;
		};
/* End PBXFrameworksBuildPhase section */

/* Begin PBXGroup section */
		6768E49E2B7253F6001D3B5B = {
			isa = PBXGroup;
			children = (
				6768E4A92B7253F6001D3B5B /* UserDefault Login Uygulamasi */,
				6768E4C02B7253F7001D3B5B /* UserDefault Login UygulamasiTests */,
				6768E4CA2B7253F7001D3B5B /* UserDefault Login UygulamasiUITests */,
				6768E4A82B7253F6001D3B5B /* Products */,
			);
			sourceTree = "<group>";
		};
		6768E4A82B7253F6001D3B5B /* Products */ = {
			isa = PBXGroup;
			children = (
				6768E4A72B7253F6001D3B5B /* UserDefault Login Uygulamasi.app */,
				6768E4BD2B7253F7001D3B5B /* UserDefault Login UygulamasiTests.xctest */,
				6768E4C72B7253F7001D3B5B /* UserDefault Login UygulamasiUITests.xctest */,
			);
			name = Products;
			sourceTree = "<group>";
		};
		6768E4A92B7253F6001D3B5B /* UserDefault Login Uygulamasi */ = {
			isa = PBXGroup;
			children = (
				6768E4AA2B7253F6001D3B5B /* AppDelegate.swift */,
				6768E4AC2B7253F6001D3B5B /* SceneDelegate.swift */,
				6768E4AE2B7253F6001D3B5B /* ViewController.swift */,
				6768E4B02B7253F6001D3B5B /* Main.storyboard */,
				6768E4B32B7253F7001D3B5B /* Assets.xcassets */,
				6768E4B52B7253F7001D3B5B /* LaunchScreen.storyboard */,
				6768E4B82B7253F7001D3B5B /* Info.plist */,
				6768E4DA2B725476001D3B5B /* AnasayfaVC.swift */,
			);
			path = "UserDefault Login Uygulamasi";
			sourceTree = "<group>";
		};
		6768E4C02B7253F7001D3B5B /* UserDefault Login UygulamasiTests */ = {
			isa = PBXGroup;
			children = (
				6768E4C12B7253F7001D3B5B /* UserDefault_Login_UygulamasiTests.swift */,
			);
			path = "UserDefault Login UygulamasiTests";
			sourceTree = "<group>";
		};
		6768E4CA2B7253F7001D3B5B /* UserDefault Login UygulamasiUITests */ = {
			isa = PBXGroup;
			children = (
				6768E4CB2B7253F7001D3B5B /* UserDefault_Login_UygulamasiUITests.swift */,
				6768E4CD2B7253F7001D3B5B /* UserDefault_Login_UygulamasiUITestsLaunchTests.swift */,
			);
			path = "UserDefault Login UygulamasiUITests";
			sourceTree = "<group>";
		};
/* End PBXGroup section */

/* Begin PBXNativeTarget section */
		6768E4A62B7253F6001D3B5B /* UserDefault Login Uygulamasi */ = {
			isa = PBXNativeTarget;
			buildConfigurationList = 6768E4D12B7253F7001D3B5B /* Build configuration list for PBXNativeTarget "UserDefault Login Uygulamasi" */;
			buildPhases = (
				6768E4A32B7253F6001D3B5B /* Sources */,
				6768E4A42B7253F6001D3B5B /* Frameworks */,
				6768E4A52B7253F6001D3B5B /* Resources */,
			);
			buildRules = (
			);
			dependencies = (
			);
			name = "UserDefault Login Uygulamasi";
			productName = "UserDefault Login Uygulamasi";
			productReference = 6768E4A72B7253F6001D3B5B /* UserDefault Login Uygulamasi.app */;
			productType = "com.apple.product-type.application";
		};
		6768E4BC2B7253F7001D3B5B /* UserDefault Login UygulamasiTests */ = {
			isa = PBXNativeTarget;
			buildConfigurationList = 6768E4D42B7253F7001D3B5B /* Build configuration list for PBXNativeTarget "UserDefault Login UygulamasiTests" */;
			buildPhases = (
				6768E4B92B7253F7001D3B5B /* Sources */,
				6768E4BA2B7253F7001D3B5B /* Frameworks */,
				6768E4BB2B7253F7001D3B5B /* Resources */,
			);
			buildRules = (
			);
			dependencies = (
				6768E4BF2B7253F7001D3B5B /* PBXTargetDependency */,
			);
			name = "UserDefault Login UygulamasiTests";
			productName = "UserDefault Login UygulamasiTests";
			productReference = 6768E4BD2B7253F7001D3B5B /* UserDefault Login UygulamasiTests.xctest */;
			productType = "com.apple.product-type.bundle.unit-test";
		};
		6768E4C62B7253F7001D3B5B /* UserDefault Login UygulamasiUITests */ = {
			isa = PBXNativeTarget;
			buildConfigurationList = 6768E4D72B7253F7001D3B5B /* Build configuration list for PBXNativeTarget "UserDefault Login UygulamasiUITests" */;
			buildPhases = (
				6768E4C32B7253F7001D3B5B /* Sources */,
				6768E4C42B7253F7001D3B5B /* Frameworks */,
				6768E4C52B7253F7001D3B5B /* Resources */,
			);
			buildRules = (
			);
			dependencies = (
				6768E4C92B7253F7001D3B5B /* PBXTargetDependency */,
			);
			name = "UserDefault Login UygulamasiUITests";
			productName = "UserDefault Login UygulamasiUITests";
			productReference = 6768E4C72B7253F7001D3B5B /* UserDefault Login UygulamasiUITests.xctest */;
			productType = "com.apple.product-type.bundle.ui-testing";
		};
/* End PBXNativeTarget section */

/* Begin PBXProject section */
		6768E49F2B7253F6001D3B5B /* Project object */ = {
			isa = PBXProject;
			attributes = {
				BuildIndependentTargetsInParallel = 1;
				LastSwiftUpdateCheck = 1510;
				LastUpgradeCheck = 1510;
				TargetAttributes = {
					6768E4A62B7253F6001D3B5B = {
						CreatedOnToolsVersion = 15.1;
					};
					6768E4BC2B7253F7001D3B5B = {
						CreatedOnToolsVersion = 15.1;
						TestTargetID = 6768E4A62B7253F6001D3B5B;
					};
					6768E4C62B7253F7001D3B5B = {
						CreatedOnToolsVersion = 15.1;
						TestTargetID = 6768E4A62B7253F6001D3B5B;
					};
				};
			};
			buildConfigurationList = 6768E4A22B7253F6001D3B5B /* Build configuration list for PBXProject "UserDefault Login Uygulamasi" */;
			compatibilityVersion = "Xcode 14.0";
			developmentRegion = en;
			hasScannedForEncodings = 0;
			knownRegions = (
				en,
				Base,
			);
			mainGroup = 6768E49E2B7253F6001D3B5B;
			productRefGroup = 6768E4A82B7253F6001D3B5B /* Products */;
			projectDirPath = "";
			projectRoot = "";
			targets = (
				6768E4A62B7253F6001D3B5B /* UserDefault Login Uygulamasi */,
				6768E4BC2B7253F7001D3B5B /* UserDefault Login UygulamasiTests */,
				6768E4C62B7253F7001D3B5B /* UserDefault Login UygulamasiUITests */,
			);
		};
/* End PBXProject section */

/* Begin PBXResourcesBuildPhase section */
		6768E4A52B7253F6001D3B5B /* Resources */ = {
			isa = PBXResourcesBuildPhase;
			buildActionMask = 2147483647;
			files = (
				6768E4B72B7253F7001D3B5B /* LaunchScreen.storyboard in Resources */,
				6768E4B42B7253F7001D3B5B /* Assets.xcassets in Resources */,
				6768E4B22B7253F6001D3B5B /* Main.storyboard in Resources */,
			);
			runOnlyForDeploymentPostprocessing = 0;
		};
		6768E4BB2B7253F7001D3B5B /* Resources */ = {
			isa = PBXResourcesBuildPhase;
			buildActionMask = 2147483647;
			files = (
			);
			runOnlyForDeploymentPostprocessing = 0;
		};
		6768E4C52B7253F7001D3B5B /* Resources */ = {
			isa = PBXResourcesBuildPhase;
			buildActionMask = 2147483647;
			files = (
			);
			runOnlyForDeploymentPostprocessing = 0;
		};
/* End PBXResourcesBuildPhase section */

/* Begin PBXSourcesBuildPhase section */
		6768E4A32B7253F6001D3B5B /* Sources */ = {
			isa = PBXSourcesBuildPhase;
			buildActionMask = 2147483647;
			files = (
				6768E4DB2B725476001D3B5B /* AnasayfaVC.swift in Sources */,
				6768E4AF2B7253F6001D3B5B /* ViewController.swift in Sources */,
				6768E4AB2B7253F6001D3B5B /* AppDelegate.swift in Sources */,
				6768E4AD2B7253F6001D3B5B /* SceneDelegate.swift in Sources */,
			);
			runOnlyForDeploymentPostprocessing = 0;
		};
		6768E4B92B7253F7001D3B5B /* Sources */ = {
			isa = PBXSourcesBuildPhase;
			buildActionMask = 2147483647;
			files = (
				6768E4C22B7253F7001D3B5B /* UserDefault_Login_UygulamasiTests.swift in Sources */,
			);
			runOnlyForDeploymentPostprocessing = 0;
		};
		6768E4C32B7253F7001D3B5B /* Sources */ = {
			isa = PBXSourcesBuildPhase;
			buildActionMask = 2147483647;
			files = (
				6768E4CE2B7253F7001D3B5B /* UserDefault_Login_UygulamasiUITestsLaunchTests.swift in Sources */,
				6768E4CC2B7253F7001D3B5B /* UserDefault_Login_UygulamasiUITests.swift in Sources */,
			);
			runOnlyForDeploymentPostprocessing = 0;
		};
/* End PBXSourcesBuildPhase section */

/* Begin PBXTargetDependency section */
		6768E4BF2B7253F7001D3B5B /* PBXTargetDependency */ = {
			isa = PBXTargetDependency;
			target = 6768E4A62B7253F6001D3B5B /* UserDefault Login Uygulamasi */;
			targetProxy = 6768E4BE2B7253F7001D3B5B /* PBXContainerItemProxy */;
		};
		6768E4C92B7253F7001D3B5B /* PBXTargetDependency */ = {
			isa = PBXTargetDependency;
			target = 6768E4A62B7253F6001D3B5B /* UserDefault Login Uygulamasi */;
			targetProxy = 6768E4C82B7253F7001D3B5B /* PBXContainerItemProxy */;
		};
/* End PBXTargetDependency section */

/* Begin PBXVariantGroup section */
		6768E4B02B7253F6001D3B5B /* Main.storyboard */ = {
			isa = PBXVariantGroup;
			children = (
				6768E4B12B7253F6001D3B5B /* Base */,
			);
			name = Main.storyboard;
			sourceTree = "<group>";
		};
		6768E4B52B7253F7001D3B5B /* LaunchScreen.storyboard */ = {
			isa = PBXVariantGroup;
			children = (
				6768E4B62B7253F7001D3B5B /* Base */,
			);
			name = LaunchScreen.storyboard;
			sourceTree = "<group>";
		};
/* End PBXVariantGroup section */

/* Begin XCBuildConfiguration section */
		6768E4CF2B7253F7001D3B5B /* Debug */ = {
			isa = XCBuildConfiguration;
			buildSettings = {
				ALWAYS_SEARCH_USER_PATHS = NO;
				ASSETCATALOG_COMPILER_GENERATE_SWIFT_ASSET_SYMBOL_EXTENSIONS = YES;
				CLANG_ANALYZER_NONNULL = YES;
				CLANG_ANALYZER_NUMBER_OBJECT_CONVERSION = YES_AGGRESSIVE;
				CLANG_CXX_LANGUAGE_STANDARD = "gnu++20";
				CLANG_ENABLE_MODULES = YES;
				CLANG_ENABLE_OBJC_ARC = YES;
				CLANG_ENABLE_OBJC_WEAK = YES;
				CLANG_WARN_BLOCK_CAPTURE_AUTORELEASING = YES;
				CLANG_WARN_BOOL_CONVERSION = YES;
				CLANG_WARN_COMMA = YES;
				CLANG_WARN_CONSTANT_CONVERSION = YES;
				CLANG_WARN_DEPRECATED_OBJC_IMPLEMENTATIONS = YES;
				CLANG_WARN_DIRECT_OBJC_ISA_USAGE = YES_ERROR;
				CLANG_WARN_DOCUMENTATION_COMMENTS = YES;
				CLANG_WARN_EMPTY_BODY = YES;
				CLANG_WARN_ENUM_CONVERSION = YES;
				CLANG_WARN_INFINITE_RECURSION = YES;
				CLANG_WARN_INT_CONVERSION = YES;
				CLANG_WARN_NON_LITERAL_NULL_CONVERSION = YES;
				CLANG_WARN_OBJC_IMPLICIT_RETAIN_SELF = YES;
				CLANG_WARN_OBJC_LITERAL_CONVERSION = YES;
				CLANG_WARN_OBJC_ROOT_CLASS = YES_ERROR;
				CLANG_WARN_QUOTED_INCLUDE_IN_FRAMEWORK_HEADER = YES;
				CLANG_WARN_RANGE_LOOP_ANALYSIS = YES;
				CLANG_WARN_STRICT_PROTOTYPES = YES;
				CLANG_WARN_SUSPICIOUS_MOVE = YES;
				CLANG_WARN_UNGUARDED_AVAILABILITY = YES_AGGRESSIVE;
				CLANG_WARN_UNREACHABLE_CODE = YES;
				CLANG_WARN__DUPLICATE_METHOD_MATCH = YES;
				COPY_PHASE_STRIP = NO;
				DEBUG_INFORMATION_FORMAT = dwarf;
				ENABLE_STRICT_OBJC_MSGSEND = YES;
				ENABLE_TESTABILITY = YES;
				ENABLE_USER_SCRIPT_SANDBOXING = YES;
				GCC_C_LANGUAGE_STANDARD = gnu17;
				GCC_DYNAMIC_NO_PIC = NO;
				GCC_NO_COMMON_BLOCKS = YES;
				GCC_OPTIMIZATION_LEVEL = 0;
				GCC_PREPROCESSOR_DEFINITIONS = (
					"DEBUG=1",
					"$(inherited)",
				);
				GCC_WARN_64_TO_32_BIT_CONVERSION = YES;
				GCC_WARN_ABOUT_RETURN_TYPE = YES_ERROR;
				GCC_WARN_UNDECLARED_SELECTOR = YES;
				GCC_WARN_UNINITIALIZED_AUTOS = YES_AGGRESSIVE;
				GCC_WARN_UNUSED_FUNCTION = YES;
				GCC_WARN_UNUSED_VARIABLE = YES;
				IPHONEOS_DEPLOYMENT_TARGET = 17.2;
				LOCALIZATION_PREFERS_STRING_CATALOGS = YES;
				MTL_ENABLE_DEBUG_INFO = INCLUDE_SOURCE;
				MTL_FAST_MATH = YES;
				ONLY_ACTIVE_ARCH = YES;
				SDKROOT = iphoneos;
				SWIFT_ACTIVE_COMPILATION_CONDITIONS = "DEBUG $(inherited)";
				SWIFT_OPTIMIZATION_LEVEL = "-Onone";
			};
			name = Debug;
		};
		6768E4D02B7253F7001D3B5B /* Release */ = {
			isa = XCBuildConfiguration;
			buildSettings = {
				ALWAYS_SEARCH_USER_PATHS = NO;
				ASSETCATALOG_COMPILER_GENERATE_SWIFT_ASSET_SYMBOL_EXTENSIONS = YES;
				CLANG_ANALYZER_NONNULL = YES;
				CLANG_ANALYZER_NUMBER_OBJECT_CONVERSION = YES_AGGRESSIVE;
				CLANG_CXX_LANGUAGE_STANDARD = "gnu++20";
				CLANG_ENABLE_MODULES = YES;
				CLANG_ENABLE_OBJC_ARC = YES;
				CLANG_ENABLE_OBJC_WEAK = YES;
				CLANG_WARN_BLOCK_CAPTURE_AUTORELEASING = YES;
				CLANG_WARN_BOOL_CONVERSION = YES;
				CLANG_WARN_COMMA = YES;
				CLANG_WARN_CONSTANT_CONVERSION = YES;
				CLANG_WARN_DEPRECATED_OBJC_IMPLEMENTATIONS = YES;
				CLANG_WARN_DIRECT_OBJC_ISA_USAGE = YES_ERROR;
				CLANG_WARN_DOCUMENTATION_COMMENTS = YES;
				CLANG_WARN_EMPTY_BODY = YES;
				CLANG_WARN_ENUM_CONVERSION = YES;
				CLANG_WARN_INFINITE_RECURSION = YES;
				CLANG_WARN_INT_CONVERSION = YES;
				CLANG_WARN_NON_LITERAL_NULL_CONVERSION = YES;
				CLANG_WARN_OBJC_IMPLICIT_RETAIN_SELF = YES;
				CLANG_WARN_OBJC_LITERAL_CONVERSION = YES;
				CLANG_WARN_OBJC_ROOT_CLASS = YES_ERROR;
				CLANG_WARN_QUOTED_INCLUDE_IN_FRAMEWORK_HEADER = YES;
				CLANG_WARN_RANGE_LOOP_ANALYSIS = YES;
				CLANG_WARN_STRICT_PROTOTYPES = YES;
				CLANG_WARN_SUSPICIOUS_MOVE = YES;
				CLANG_WARN_UNGUARDED_AVAILABILITY = YES_AGGRESSIVE;
				CLANG_WARN_UNREACHABLE_CODE = YES;
				CLANG_WARN__DUPLICATE_METHOD_MATCH = YES;
				COPY_PHASE_STRIP = NO;
				DEBUG_INFORMATION_FORMAT = "dwarf-with-dsym";
				ENABLE_NS_ASSERTIONS = NO;
				ENABLE_STRICT_OBJC_MSGSEND = YES;
				ENABLE_USER_SCRIPT_SANDBOXING = YES;
				GCC_C_LANGUAGE_STANDARD = gnu17;
				GCC_NO_COMMON_BLOCKS = YES;
				GCC_WARN_64_TO_32_BIT_CONVERSION = YES;
				GCC_WARN_ABOUT_RETURN_TYPE = YES_ERROR;
				GCC_WARN_UNDECLARED_SELECTOR = YES;
				GCC_WARN_UNINITIALIZED_AUTOS = YES_AGGRESSIVE;
				GCC_WARN_UNUSED_FUNCTION = YES;
				GCC_WARN_UNUSED_VARIABLE = YES;
				IPHONEOS_DEPLOYMENT_TARGET = 17.2;
				LOCALIZATION_PREFERS_STRING_CATALOGS = YES;
				MTL_ENABLE_DEBUG_INFO = NO;
				MTL_FAST_MATH = YES;
				SDKROOT = iphoneos;
				SWIFT_COMPILATION_MODE = wholemodule;
				VALIDATE_PRODUCT = YES;
			};
			name = Release;
		};
		6768E4D22B7253F7001D3B5B /* Debug */ = {
			isa = XCBuildConfiguration;
			buildSettings = {
				ASSETCATALOG_COMPILER_APPICON_NAME = AppIcon;
				ASSETCATALOG_COMPILER_GLOBAL_ACCENT_COLOR_NAME = AccentColor;
				CODE_SIGN_STYLE = Automatic;
				CURRENT_PROJECT_VERSION = 1;
				GENERATE_INFOPLIST_FILE = YES;
				INFOPLIST_FILE = "UserDefault Login Uygulamasi/Info.plist";
				INFOPLIST_KEY_UIApplicationSupportsIndirectInputEvents = YES;
				INFOPLIST_KEY_UILaunchStoryboardName = LaunchScreen;
				INFOPLIST_KEY_UIMainStoryboardFile = Main;
				INFOPLIST_KEY_UISupportedInterfaceOrientations_iPad = "UIInterfaceOrientationPortrait UIInterfaceOrientationPortraitUpsideDown UIInterfaceOrientationLandscapeLeft UIInterfaceOrientationLandscapeRight";
				INFOPLIST_KEY_UISupportedInterfaceOrientations_iPhone = "UIInterfaceOrientationPortrait UIInterfaceOrientationLandscapeLeft UIInterfaceOrientationLandscapeRight";
				LD_RUNPATH_SEARCH_PATHS = (
					"$(inherited)",
					"@executable_path/Frameworks",
				);
				MARKETING_VERSION = 1.0;
				PRODUCT_BUNDLE_IDENTIFIER = "safakselimsofioglu.UserDefault-Login-Uygulamasi";
				PRODUCT_NAME = "$(TARGET_NAME)";
				SWIFT_EMIT_LOC_STRINGS = YES;
				SWIFT_VERSION = 5.0;
				TARGETED_DEVICE_FAMILY = "1,2";
			};
			name = Debug;
		};
		6768E4D32B7253F7001D3B5B /* Release */ = {
			isa = XCBuildConfiguration;
			buildSettings = {
				ASSETCATALOG_COMPILER_APPICON_NAME = AppIcon;
				ASSETCATALOG_COMPILER_GLOBAL_ACCENT_COLOR_NAME = AccentColor;
				CODE_SIGN_STYLE = Automatic;
				CURRENT_PROJECT_VERSION = 1;
				GENERATE_INFOPLIST_FILE = YES;
				INFOPLIST_FILE = "UserDefault Login Uygulamasi/Info.plist";
				INFOPLIST_KEY_UIApplicationSupportsIndirectInputEvents = YES;
				INFOPLIST_KEY_UILaunchStoryboardName = LaunchScreen;
				INFOPLIST_KEY_UIMainStoryboardFile = Main;
				INFOPLIST_KEY_UISupportedInterfaceOrientations_iPad = "UIInterfaceOrientationPortrait UIInterfaceOrientationPortraitUpsideDown UIInterfaceOrientationLandscapeLeft UIInterfaceOrientationLandscapeRight";
				INFOPLIST_KEY_UISupportedInterfaceOrientations_iPhone = "UIInterfaceOrientationPortrait UIInterfaceOrientationLandscapeLeft UIInterfaceOrientationLandscapeRight";
				LD_RUNPATH_SEARCH_PATHS = (
					"$(inherited)",
					"@executable_path/Frameworks",
				);
				MARKETING_VERSION = 1.0;
				PRODUCT_BUNDLE_IDENTIFIER = "safakselimsofioglu.UserDefault-Login-Uygulamasi";
				PRODUCT_NAME = "$(TARGET_NAME)";
				SWIFT_EMIT_LOC_STRINGS = YES;
				SWIFT_VERSION = 5.0;
				TARGETED_DEVICE_FAMILY = "1,2";
			};
			name = Release;
		};
		6768E4D52B7253F7001D3B5B /* Debug */ = {
			isa = XCBuildConfiguration;
			buildSettings = {
				ALWAYS_EMBED_SWIFT_STANDARD_LIBRARIES = YES;
				BUNDLE_LOADER = "$(TEST_HOST)";
				CODE_SIGN_STYLE = Automatic;
				CURRENT_PROJECT_VERSION = 1;
				GENERATE_INFOPLIST_FILE = YES;
				IPHONEOS_DEPLOYMENT_TARGET = 17.2;
				MARKETING_VERSION = 1.0;
				PRODUCT_BUNDLE_IDENTIFIER = "safakselimsofioglu.UserDefault-Login-UygulamasiTests";
				PRODUCT_NAME = "$(TARGET_NAME)";
				SWIFT_EMIT_LOC_STRINGS = NO;
				SWIFT_VERSION = 5.0;
				TARGETED_DEVICE_FAMILY = "1,2";
				TEST_HOST = "$(BUILT_PRODUCTS_DIR)/UserDefault Login Uygulamasi.app/$(BUNDLE_EXECUTABLE_FOLDER_PATH)/UserDefault Login Uygulamasi";
			};
			name = Debug;
		};
		6768E4D62B7253F7001D3B5B /* Release */ = {
			isa = XCBuildConfiguration;
			buildSettings = {
				ALWAYS_EMBED_SWIFT_STANDARD_LIBRARIES = YES;
				BUNDLE_LOADER = "$(TEST_HOST)";
				CODE_SIGN_STYLE = Automatic;
				CURRENT_PROJECT_VERSION = 1;
				GENERATE_INFOPLIST_FILE = YES;
				IPHONEOS_DEPLOYMENT_TARGET = 17.2;
				MARKETING_VERSION = 1.0;
				PRODUCT_BUNDLE_IDENTIFIER = "safakselimsofioglu.UserDefault-Login-UygulamasiTests";
				PRODUCT_NAME = "$(TARGET_NAME)";
				SWIFT_EMIT_LOC_STRINGS = NO;
				SWIFT_VERSION = 5.0;
				TARGETED_DEVICE_FAMILY = "1,2";
				TEST_HOST = "$(BUILT_PRODUCTS_DIR)/UserDefault Login Uygulamasi.app/$(BUNDLE_EXECUTABLE_FOLDER_PATH)/UserDefault Login Uygulamasi";
			};
			name = Release;
		};
		6768E4D82B7253F7001D3B5B /* Debug */ = {
			isa = XCBuildConfiguration;
			buildSettings = {
				ALWAYS_EMBED_SWIFT_STANDARD_LIBRARIES = YES;
				CODE_SIGN_STYLE = Automatic;
				CURRENT_PROJECT_VERSION = 1;
				GENERATE_INFOPLIST_FILE = YES;
				MARKETING_VERSION = 1.0;
				PRODUCT_BUNDLE_IDENTIFIER = "safakselimsofioglu.UserDefault-Login-UygulamasiUITests";
				PRODUCT_NAME = "$(TARGET_NAME)";
				SWIFT_EMIT_LOC_STRINGS = NO;
				SWIFT_VERSION = 5.0;
				TARGETED_DEVICE_FAMILY = "1,2";
				TEST_TARGET_NAME = "UserDefault Login Uygulamasi";
			};
			name = Debug;
		};
		6768E4D92B7253F7001D3B5B /* Release */ = {
			isa = XCBuildConfiguration;
			buildSettings = {
				ALWAYS_EMBED_SWIFT_STANDARD_LIBRARIES = YES;
				CODE_SIGN_STYLE = Automatic;
				CURRENT_PROJECT_VERSION = 1;
				GENERATE_INFOPLIST_FILE = YES;
				MARKETING_VERSION = 1.0;
				PRODUCT_BUNDLE_IDENTIFIER = "safakselimsofioglu.UserDefault-Login-UygulamasiUITests";
				PRODUCT_NAME = "$(TARGET_NAME)";
				SWIFT_EMIT_LOC_STRINGS = NO;
				SWIFT_VERSION = 5.0;
				TARGETED_DEVICE_FAMILY = "1,2";
				TEST_TARGET_NAME = "UserDefault Login Uygulamasi";
			};
			name = Release;
		};
/* End XCBuildConfiguration section */

/* Begin XCConfigurationList section */
		6768E4A22B7253F6001D3B5B /* Build configuration list for PBXProject "UserDefault Login Uygulamasi" */ = {
			isa = XCConfigurationList;
			buildConfigurations = (
				6768E4CF2B7253F7001D3B5B /* Debug */,
				6768E4D02B7253F7001D3B5B /* Release */,
			);
			defaultConfigurationIsVisible = 0;
			defaultConfigurationName = Release;
		};
		6768E4D12B7253F7001D3B5B /* Build configuration list for PBXNativeTarget "UserDefault Login Uygulamasi" */ = {
			isa = XCConfigurationList;
			buildConfigurations = (
				6768E4D22B7253F7001D3B5B /* Debug */,
				6768E4D32B7253F7001D3B5B /* Release */,
			);
			defaultConfigurationIsVisible = 0;
			defaultConfigurationName = Release;
		};
		6768E4D42B7253F7001D3B5B /* Build configuration list for PBXNativeTarget "UserDefault Login UygulamasiTests" */ = {
			isa = XCConfigurationList;
			buildConfigurations = (
				6768E4D52B7253F7001D3B5B /* Debug */,
				6768E4D62B7253F7001D3B5B /* Release */,
			);
			defaultConfigurationIsVisible = 0;
			defaultConfigurationName = Release;
		};
		6768E4D72B7253F7001D3B5B /* Build configuration list for PBXNativeTarget "UserDefault Login UygulamasiUITests" */ = {
			isa = XCConfigurationList;
			buildConfigurations = (
				6768E4D82B7253F7001D3B5B /* Debug */,
				6768E4D92B7253F7001D3B5B /* Release */,
			);
			defaultConfigurationIsVisible = 0;
			defaultConfigurationName = Release;
		};
/* End XCConfigurationList section */
	};
	rootObject = 6768E49F2B7253F6001D3B5B /* Project object */;
}
